{
  "name": "@panda-chess/pdc-server",
  "version": "1.0.0",
  "lockfileVersion": 3,
  "requires": true,
  "packages": {
    "": {
      "name": "@panda-chess/pdc-server",
      "version": "1.0.0",
      "license": "ISC",
      "dependencies": {
        "@panda-chess/pdc-core": "^1.0.0"
      }
    },
    "node_modules/@panda-chess/pdc-core": {
      "version": "1.0.0",
      "resolved": "https://npm.pkg.github.com/download/@panda-chess/pdc-core/1.0.0/8b97c9202b6b887c032ad5d87419df5e2f31dc17",
      "integrity": "sha512-FwATyoGuP8FR8JdruhXjQh85ZD4wtXiC9SyLm1uO97Mh0VQ/3aF1ixMM9JT81jJMj4yuZ6H41fwKCcRyhbnaQg==",
      "license": "ISC"
    }
  }
}
